
Microsoft Visual Studio Solution File, Format Version 12.00
# Visual Studio Version 17
VisualStudioVersion = 17.4.33122.133
MinimumVisualStudioVersion = 10.0.40219.1
Project("{FAE04EC0-301F-11D3-BF4B-00C04F79EFBC}") = "Calculadora2", "Calculadora2\Calculadora2.csproj", "{77658F40-8E0B-4A40-A2B3-989BBF2659E1}"
EndProject
Global
	GlobalSection(SolutionConfigurationPlatforms) = preSolution
		Debug|Any CPU = Debug|Any CPU
		Release|Any CPU = Release|Any CPU
	EndGlobalSection
	GlobalSection(ProjectConfigurationPlatforms) = postSolution
		{77658F40-8E0B-4A40-A2B3-989BBF2659E1}.Debug|Any CPU.ActiveCfg = Debug|Any CPU
		{77658F40-8E0B-4A40-A2B3-989BBF2659E1}.Debug|Any CPU.Build.0 = Debug|Any CPU
		{77658F40-8E0B-4A40-A2B3-989BBF2659E1}.Release|Any CPU.ActiveCfg = Release|Any CPU
		{77658F40-8E0B-4A40-A2B3-989BBF2659E1}.Release|Any CPU.Build.0 = Release|Any CPU
	EndGlobalSection
	GlobalSection(SolutionProperties) = preSolution
		HideSolutionNode = FALSE
	EndGlobalSection
	GlobalSection(ExtensibilityGlobals) = postSolution
		SolutionGuid = {4EAF03E1-4DF6-423F-9351-B68CBCA99380}
	EndGlobalSection
EndGlobal
